
Microsoft Visual Studio Solution File, Format Version 12.00
Project("{FAE04EC0-301F-11D3-BF4B-00C04F79EFBC}") = "AspNetElsDb", "AspNetElsDb\AspNetElsDb.csproj", "{172B074C-0F31-4237-A753-D169EB29B908}"
EndProject
Global
	GlobalSection(SolutionConfigurationPlatforms) = preSolution
		Debug|Any CPU = Debug|Any CPU
		Release|Any CPU = Release|Any CPU
	EndGlobalSection
	GlobalSection(ProjectConfigurationPlatforms) = postSolution
		{172B074C-0F31-4237-A753-D169EB29B908}.Debug|Any CPU.ActiveCfg = Debug|Any CPU
		{172B074C-0F31-4237-A753-D169EB29B908}.Debug|Any CPU.Build.0 = Debug|Any CPU
		{172B074C-0F31-4237-A753-D169EB29B908}.Release|Any CPU.ActiveCfg = Release|Any CPU
		{172B074C-0F31-4237-A753-D169EB29B908}.Release|Any CPU.Build.0 = Release|Any CPU
	EndGlobalSection
EndGlobal
